PODS:
  - clipboard (3.0.9):
    - FlutterMacOS
  - desktop_drop (0.0.1):
    - FlutterMacOS
  - device_info_plus (0.0.1):
    - FlutterMacOS
  - file_selector_macos (0.0.1):
    - FlutterMacOS
  - flutter_local_notifications (0.0.1):
    - FlutterMacOS
  - FlutterMacOS (1.0.0)
  - get_mac_address (0.0.1):
    - FlutterMacOS
  - network_info_plus (0.0.1):
    - FlutterMacOS
  - nsd_macos (0.0.1):
    - FlutterMacOS
  - package_info_plus (0.0.1):
    - FlutterMacOS
  - screen_retriever_macos (0.0.1):
    - FlutterMacOS
  - tray_manager (0.0.1):
    - FlutterMacOS
  - url_launcher_macos (0.0.1):
    - FlutterMacOS
  - webview_flutter_wkwebview (0.0.1):
    - Flutter
    - FlutterMacOS
  - window_manager (0.5.0):
    - FlutterMacOS

DEPENDENCIES:
  - clipboard (from `Flutter/ephemeral/.symlinks/plugins/clipboard/macos`)
  - desktop_drop (from `Flutter/ephemeral/.symlinks/plugins/desktop_drop/macos`)
  - device_info_plus (from `Flutter/ephemeral/.symlinks/plugins/device_info_plus/macos`)
  - file_selector_macos (from `Flutter/ephemeral/.symlinks/plugins/file_selector_macos/macos`)
  - flutter_local_notifications (from `Flutter/ephemeral/.symlinks/plugins/flutter_local_notifications/macos`)
  - FlutterMacOS (from `Flutter/ephemeral`)
  - get_mac_address (from `Flutter/ephemeral/.symlinks/plugins/get_mac_address/macos`)
  - network_info_plus (from `Flutter/ephemeral/.symlinks/plugins/network_info_plus/macos`)
  - nsd_macos (from `Flutter/ephemeral/.symlinks/plugins/nsd_macos/macos`)
  - package_info_plus (from `Flutter/ephemeral/.symlinks/plugins/package_info_plus/macos`)
  - screen_retriever_macos (from `Flutter/ephemeral/.symlinks/plugins/screen_retriever_macos/macos`)
  - tray_manager (from `Flutter/ephemeral/.symlinks/plugins/tray_manager/macos`)
  - url_launcher_macos (from `Flutter/ephemeral/.symlinks/plugins/url_launcher_macos/macos`)
  - webview_flutter_wkwebview (from `Flutter/ephemeral/.symlinks/plugins/webview_flutter_wkwebview/darwin`)
  - window_manager (from `Flutter/ephemeral/.symlinks/plugins/window_manager/macos`)

EXTERNAL SOURCES:
  clipboard:
    :path: Flutter/ephemeral/.symlinks/plugins/clipboard/macos
  desktop_drop:
    :path: Flutter/ephemeral/.symlinks/plugins/desktop_drop/macos
  device_info_plus:
    :path: Flutter/ephemeral/.symlinks/plugins/device_info_plus/macos
  file_selector_macos:
    :path: Flutter/ephemeral/.symlinks/plugins/file_selector_macos/macos
  flutter_local_notifications:
    :path: Flutter/ephemeral/.symlinks/plugins/flutter_local_notifications/macos
  FlutterMacOS:
    :path: Flutter/ephemeral
  get_mac_address:
    :path: Flutter/ephemeral/.symlinks/plugins/get_mac_address/macos
  network_info_plus:
    :path: Flutter/ephemeral/.symlinks/plugins/network_info_plus/macos
  nsd_macos:
    :path: Flutter/ephemeral/.symlinks/plugins/nsd_macos/macos
  package_info_plus:
    :path: Flutter/ephemeral/.symlinks/plugins/package_info_plus/macos
  screen_retriever_macos:
    :path: Flutter/ephemeral/.symlinks/plugins/screen_retriever_macos/macos
  tray_manager:
    :path: Flutter/ephemeral/.symlinks/plugins/tray_manager/macos
  url_launcher_macos:
    :path: Flutter/ephemeral/.symlinks/plugins/url_launcher_macos/macos
  webview_flutter_wkwebview:
    :path: Flutter/ephemeral/.symlinks/plugins/webview_flutter_wkwebview/darwin
  window_manager:
    :path: Flutter/ephemeral/.symlinks/plugins/window_manager/macos

SPEC CHECKSUMS:
  clipboard: 061186ca335abf2c088ca954017ffc88618ab85b
  desktop_drop: 1eeeb9484299585770b6461e4f3d60950e99efa2
  device_info_plus: 1b14eed9bf95428983aed283a8d51cce3d8c4215
  file_selector_macos: 3e56eaea051180007b900eacb006686fd54da150
  flutter_local_notifications: 14e285ca39907db50704f7f46c9ab7a526bd7ead
  FlutterMacOS: d0db08ddef1a9af05a5ec4b724367152bb0500b1
  get_mac_address: 2110e6dbb325301a71aad411b4f3560ba95d328c
  network_info_plus: 2cb02d8435635eae13b3b79279681985121cf30c
  nsd_macos: 1a38a38a33adbb396b4c6f303bc076073514cadc
  package_info_plus: 12f1c5c2cfe8727ca46cbd0b26677728972d9a5b
  screen_retriever_macos: 776e0fa5d42c6163d2bf772d22478df4b302b161
  tray_manager: 9064e219c56d75c476e46b9a21182087930baf90
  url_launcher_macos: 175a54c831f4375a6cf895875f716ee5af3888ce
  webview_flutter_wkwebview: 29eb20d43355b48fe7d07113835b9128f84e3af4
  window_manager: e25faf20d88283a0d46e7b1a759d07261ca27575

PODFILE CHECKSUM: 54d867c82ac51cbd61b565781b9fada492027009

COCOAPODS: 1.11.3
